
Microsoft Visual Studio Solution File, Format Version 12.00
# Visual Studio Version 17
VisualStudioVersion = 17.11.35327.3
MinimumVisualStudioVersion = 10.0.40219.1
Project("{9A19103F-16F7-4668-BE54-9A1E7A4F7556}") = "TODO_APP.Data", "TODO_APP.Data\TODO_APP.Data.csproj", "{0DD825E4-B2EF-40F8-9A07-10F7BDFFA525}"
EndProject
Project("{9A19103F-16F7-4668-BE54-9A1E7A4F7556}") = "TODO_APP.Core", "TODO_APP.Core\TODO_APP.Core.csproj", "{94449946-3BA1-49B2-B3DA-7327CB4A3D8E}"
EndProject
Project("{9A19103F-16F7-4668-BE54-9A1E7A4F7556}") = "TODO_APP.Service", "TODO_APP.Service\TODO_APP.Service.csproj", "{19B2D32A-92D5-497E-A216-AB5FAD55E7CC}"
EndProject
Project("{FAE04EC0-301F-11D3-BF4B-00C04F79EFBC}") = "TODO_APP.Web", "TODO_APP.Web\TODO_APP.Web.csproj", "{39447B08-489B-40EB-8FD1-95FE53E37A71}"
EndProject
Global
	GlobalSection(SolutionConfigurationPlatforms) = preSolution
		Debug|Any CPU = Debug|Any CPU
		Release|Any CPU = Release|Any CPU
	EndGlobalSection
	GlobalSection(ProjectConfigurationPlatforms) = postSolution
		{0DD825E4-B2EF-40F8-9A07-10F7BDFFA525}.Debug|Any CPU.ActiveCfg = Debug|Any CPU
		{0DD825E4-B2EF-40F8-9A07-10F7BDFFA525}.Debug|Any CPU.Build.0 = Debug|Any CPU
		{0DD825E4-B2EF-40F8-9A07-10F7BDFFA525}.Release|Any CPU.ActiveCfg = Release|Any CPU
		{0DD825E4-B2EF-40F8-9A07-10F7BDFFA525}.Release|Any CPU.Build.0 = Release|Any CPU
		{94449946-3BA1-49B2-B3DA-7327CB4A3D8E}.Debug|Any CPU.ActiveCfg = Debug|Any CPU
		{94449946-3BA1-49B2-B3DA-7327CB4A3D8E}.Debug|Any CPU.Build.0 = Debug|Any CPU
		{94449946-3BA1-49B2-B3DA-7327CB4A3D8E}.Release|Any CPU.ActiveCfg = Release|Any CPU
		{94449946-3BA1-49B2-B3DA-7327CB4A3D8E}.Release|Any CPU.Build.0 = Release|Any CPU
		{19B2D32A-92D5-497E-A216-AB5FAD55E7CC}.Debug|Any CPU.ActiveCfg = Debug|Any CPU
		{19B2D32A-92D5-497E-A216-AB5FAD55E7CC}.Debug|Any CPU.Build.0 = Debug|Any CPU
		{19B2D32A-92D5-497E-A216-AB5FAD55E7CC}.Release|Any CPU.ActiveCfg = Release|Any CPU
		{19B2D32A-92D5-497E-A216-AB5FAD55E7CC}.Release|Any CPU.Build.0 = Release|Any CPU
		{39447B08-489B-40EB-8FD1-95FE53E37A71}.Debug|Any CPU.ActiveCfg = Debug|Any CPU
		{39447B08-489B-40EB-8FD1-95FE53E37A71}.Debug|Any CPU.Build.0 = Debug|Any CPU
		{39447B08-489B-40EB-8FD1-95FE53E37A71}.Release|Any CPU.ActiveCfg = Release|Any CPU
		{39447B08-489B-40EB-8FD1-95FE53E37A71}.Release|Any CPU.Build.0 = Release|Any CPU
	EndGlobalSection
	GlobalSection(SolutionProperties) = preSolution
		HideSolutionNode = FALSE
	EndGlobalSection
	GlobalSection(ExtensibilityGlobals) = postSolution
		SolutionGuid = {9E1A1449-B2C9-4869-9D3E-8F306BEA4CB4}
	EndGlobalSection
EndGlobal
